
Microsoft Visual Studio Solution File, Format Version 12.00
# Visual Studio Version 17
VisualStudioVersion = 17.14.36414.22
MinimumVisualStudioVersion = 10.0.40219.1
Project("{FAE04EC0-301F-11D3-BF4B-00C04F79EFBC}") = "JalaNota", "Aplikasi JalaNota\JalaNota.csproj", "{BDF72815-6C06-46DF-8121-9AE9A5171949}"
EndProject
Global
	GlobalSection(SolutionConfigurationPlatforms) = preSolution
		Debug|Any CPU = Debug|Any CPU
		Release|Any CPU = Release|Any CPU
	EndGlobalSection
	GlobalSection(ProjectConfigurationPlatforms) = postSolution
		{BDF72815-6C06-46DF-8121-9AE9A5171949}.Debug|Any CPU.ActiveCfg = Debug|Any CPU
		{BDF72815-6C06-46DF-8121-9AE9A5171949}.Debug|Any CPU.Build.0 = Debug|Any CPU
		{BDF72815-6C06-46DF-8121-9AE9A5171949}.Release|Any CPU.ActiveCfg = Release|Any CPU
		{BDF72815-6C06-46DF-8121-9AE9A5171949}.Release|Any CPU.Build.0 = Release|Any CPU
	EndGlobalSection
	GlobalSection(SolutionProperties) = preSolution
		HideSolutionNode = FALSE
	EndGlobalSection
	GlobalSection(ExtensibilityGlobals) = postSolution
		SolutionGuid = {A6147EEC-45A5-4CF4-9E8B-24A846416DBB}
	EndGlobalSection
EndGlobal
